{
    "name": "org.blank",
    "version": "1.0.0",
    "lockfileVersion": 1,
    "requires": true,
    "dependencies": {
        "cordova-plugin-voxeet": {
            "version": "1.3.16",
            "resolved": "https://registry.npmjs.org/cordova-plugin-voxeet/-/cordova-plugin-voxeet-1.3.16.tgz",
            "integrity": "sha512-7J9OTdOO2UdnzsmDF/6JzZp58xckLiSUUzpS2LeP+cdXWeiZWfxLPEPyLFywHSU50DSomAvJ97Nnr77W1ZVj+w=="
        },
        "cordova-plugin-whitelist": {
            "version": "1.3.4",
            "resolved": "https://registry.npmjs.org/cordova-plugin-whitelist/-/cordova-plugin-whitelist-1.3.4.tgz",
            "integrity": "sha512-EYC5eQFVkoYXq39l7tYKE6lEjHJ04mvTmKXxGL7quHLdFPfJMNzru/UYpn92AOfpl3PQaZmou78C7EgmFOwFQQ==",
            "dev": true
        }
    }
}
